
Microsoft Visual Studio Solution File, Format Version 12.00
# Visual Studio 15
VisualStudioVersion = 15.0.28307.168
MinimumVisualStudioVersion = 10.0.40219.1
Project("{FAE04EC0-301F-11D3-BF4B-00C04F79EFBC}") = "Fakultet", "Fakultet\Fakultet.csproj", "{4554E0B4-D96A-4E80-983B-24E4B2A2D3B9}"
EndProject
Global
	GlobalSection(SolutionConfigurationPlatforms) = preSolution
		Debug|Any CPU = Debug|Any CPU
		Release|Any CPU = Release|Any CPU
	EndGlobalSection
	GlobalSection(ProjectConfigurationPlatforms) = postSolution
		{4554E0B4-D96A-4E80-983B-24E4B2A2D3B9}.Debug|Any CPU.ActiveCfg = Debug|Any CPU
		{4554E0B4-D96A-4E80-983B-24E4B2A2D3B9}.Debug|Any CPU.Build.0 = Debug|Any CPU
		{4554E0B4-D96A-4E80-983B-24E4B2A2D3B9}.Release|Any CPU.ActiveCfg = Release|Any CPU
		{4554E0B4-D96A-4E80-983B-24E4B2A2D3B9}.Release|Any CPU.Build.0 = Release|Any CPU
	EndGlobalSection
	GlobalSection(SolutionProperties) = preSolution
		HideSolutionNode = FALSE
	EndGlobalSection
	GlobalSection(ExtensibilityGlobals) = postSolution
		SolutionGuid = {92F7C803-E303-41D3-905B-202AC5D2B347}
	EndGlobalSection
EndGlobal
